Microsoft Visual Studio Solution File, Format Version 12.00
# Visual Studio Version 17
VisualStudioVersion = 17.5.2.0
MinimumVisualStudioVersion = 10.0.40219.1
Project("{FAE04EC0-301F-11D3-BF4B-00C04F79EFBC}") = "UnitySocketDemo-Server", "UnitySocketDemo-Server.csproj", "{2558294B-7D67-EFFF-99A2-6279539414B6}"
EndProject
Global
	GlobalSection(SolutionConfigurationPlatforms) = preSolution
		Debug|Any CPU = Debug|Any CPU
		Release|Any CPU = Release|Any CPU
	EndGlobalSection
	GlobalSection(ProjectConfigurationPlatforms) = postSolution
		{2558294B-7D67-EFFF-99A2-6279539414B6}.Debug|Any CPU.ActiveCfg = Debug|Any CPU
		{2558294B-7D67-EFFF-99A2-6279539414B6}.Debug|Any CPU.Build.0 = Debug|Any CPU
		{2558294B-7D67-EFFF-99A2-6279539414B6}.Release|Any CPU.ActiveCfg = Release|Any CPU
		{2558294B-7D67-EFFF-99A2-6279539414B6}.Release|Any CPU.Build.0 = Release|Any CPU
	EndGlobalSection
	GlobalSection(SolutionProperties) = preSolution
		HideSolutionNode = FALSE
	EndGlobalSection
	GlobalSection(ExtensibilityGlobals) = postSolution
		SolutionGuid = {9EEB16D0-F168-4428-8A25-16802636A139}
	EndGlobalSection
EndGlobal
